
Microsoft Visual Studio Solution File, Format Version 12.00
# Visual Studio Version 16
VisualStudioVersion = 16.0.30717.126
MinimumVisualStudioVersion = 10.0.40219.1
Project("{FAE04EC0-301F-11D3-BF4B-00C04F79EFBC}") = "WebServicePro", "WebServicePro\WebServicePro.csproj", "{8A8AE1BA-44C1-4EAE-BAB3-21B334D0FAF1}"
EndProject
Project("{FAE04EC0-301F-11D3-BF4B-00C04F79EFBC}") = "ModelProcess", "ModelProcess\ModelProcess.csproj", "{48FD1DE0-8AAC-4AF3-A120-90C602708E3E}"
EndProject
Global
	GlobalSection(SolutionConfigurationPlatforms) = preSolution
		Debug|Any CPU = Debug|Any CPU
		Debug|ARM = Debug|ARM
		Debug|ARM64 = Debug|ARM64
		Debug|x64 = Debug|x64
		Debug|x86 = Debug|x86
		Release|Any CPU = Release|Any CPU
		Release|ARM = Release|ARM
		Release|ARM64 = Release|ARM64
		Release|x64 = Release|x64
		Release|x86 = Release|x86
	EndGlobalSection
	GlobalSection(ProjectConfigurationPlatforms) = postSolution
		{8A8AE1BA-44C1-4EAE-BAB3-21B334D0FAF1}.Debug|Any CPU.ActiveCfg = Debug|Any CPU
		{8A8AE1BA-44C1-4EAE-BAB3-21B334D0FAF1}.Debug|Any CPU.Build.0 = Debug|Any CPU
		{8A8AE1BA-44C1-4EAE-BAB3-21B334D0FAF1}.Debug|ARM.ActiveCfg = Debug|Any CPU
		{8A8AE1BA-44C1-4EAE-BAB3-21B334D0FAF1}.Debug|ARM.Build.0 = Debug|Any CPU
		{8A8AE1BA-44C1-4EAE-BAB3-21B334D0FAF1}.Debug|ARM64.ActiveCfg = Debug|Any CPU
		{8A8AE1BA-44C1-4EAE-BAB3-21B334D0FAF1}.Debug|ARM64.Build.0 = Debug|Any CPU
		{8A8AE1BA-44C1-4EAE-BAB3-21B334D0FAF1}.Debug|x64.ActiveCfg = Debug|Any CPU
		{8A8AE1BA-44C1-4EAE-BAB3-21B334D0FAF1}.Debug|x64.Build.0 = Debug|Any CPU
		{8A8AE1BA-44C1-4EAE-BAB3-21B334D0FAF1}.Debug|x86.ActiveCfg = Debug|Any CPU
		{8A8AE1BA-44C1-4EAE-BAB3-21B334D0FAF1}.Debug|x86.Build.0 = Debug|Any CPU
		{8A8AE1BA-44C1-4EAE-BAB3-21B334D0FAF1}.Release|Any CPU.ActiveCfg = Release|Any CPU
		{8A8AE1BA-44C1-4EAE-BAB3-21B334D0FAF1}.Release|Any CPU.Build.0 = Release|Any CPU
		{8A8AE1BA-44C1-4EAE-BAB3-21B334D0FAF1}.Release|ARM.ActiveCfg = Release|Any CPU
		{8A8AE1BA-44C1-4EAE-BAB3-21B334D0FAF1}.Release|ARM.Build.0 = Release|Any CPU
		{8A8AE1BA-44C1-4EAE-BAB3-21B334D0FAF1}.Release|ARM64.ActiveCfg = Release|Any CPU
		{8A8AE1BA-44C1-4EAE-BAB3-21B334D0FAF1}.Release|ARM64.Build.0 = Release|Any CPU
		{8A8AE1BA-44C1-4EAE-BAB3-21B334D0FAF1}.Release|x64.ActiveCfg = Release|Any CPU
		{8A8AE1BA-44C1-4EAE-BAB3-21B334D0FAF1}.Release|x64.Build.0 = Release|Any CPU
		{8A8AE1BA-44C1-4EAE-BAB3-21B334D0FAF1}.Release|x86.ActiveCfg = Release|Any CPU
		{8A8AE1BA-44C1-4EAE-BAB3-21B334D0FAF1}.Release|x86.Build.0 = Release|Any CPU
		{48FD1DE0-8AAC-4AF3-A120-90C602708E3E}.Debug|Any CPU.ActiveCfg = Debug|Any CPU
		{48FD1DE0-8AAC-4AF3-A120-90C602708E3E}.Debug|Any CPU.Build.0 = Debug|Any CPU
		{48FD1DE0-8AAC-4AF3-A120-90C602708E3E}.Debug|ARM.ActiveCfg = Debug|Any CPU
		{48FD1DE0-8AAC-4AF3-A120-90C602708E3E}.Debug|ARM.Build.0 = Debug|Any CPU
		{48FD1DE0-8AAC-4AF3-A120-90C602708E3E}.Debug|ARM64.ActiveCfg = Debug|Any CPU
		{48FD1DE0-8AAC-4AF3-A120-90C602708E3E}.Debug|ARM64.Build.0 = Debug|Any CPU
		{48FD1DE0-8AAC-4AF3-A120-90C602708E3E}.Debug|x64.ActiveCfg = Debug|Any CPU
		{48FD1DE0-8AAC-4AF3-A120-90C602708E3E}.Debug|x64.Build.0 = Debug|Any CPU
		{48FD1DE0-8AAC-4AF3-A120-90C602708E3E}.Debug|x86.ActiveCfg = Debug|Any CPU
		{48FD1DE0-8AAC-4AF3-A120-90C602708E3E}.Debug|x86.Build.0 = Debug|Any CPU
		{48FD1DE0-8AAC-4AF3-A120-90C602708E3E}.Release|Any CPU.ActiveCfg = Release|Any CPU
		{48FD1DE0-8AAC-4AF3-A120-90C602708E3E}.Release|Any CPU.Build.0 = Release|Any CPU
		{48FD1DE0-8AAC-4AF3-A120-90C602708E3E}.Release|ARM.ActiveCfg = Release|Any CPU
		{48FD1DE0-8AAC-4AF3-A120-90C602708E3E}.Release|ARM.Build.0 = Release|Any CPU
		{48FD1DE0-8AAC-4AF3-A120-90C602708E3E}.Release|ARM64.ActiveCfg = Release|Any CPU
		{48FD1DE0-8AAC-4AF3-A120-90C602708E3E}.Release|ARM64.Build.0 = Release|Any CPU
		{48FD1DE0-8AAC-4AF3-A120-90C602708E3E}.Release|x64.ActiveCfg = Release|Any CPU
		{48FD1DE0-8AAC-4AF3-A120-90C602708E3E}.Release|x64.Build.0 = Release|Any CPU
		{48FD1DE0-8AAC-4AF3-A120-90C602708E3E}.Release|x86.ActiveCfg = Release|Any CPU
		{48FD1DE0-8AAC-4AF3-A120-90C602708E3E}.Release|x86.Build.0 = Release|Any CPU
	EndGlobalSection
	GlobalSection(SolutionProperties) = preSolution
		HideSolutionNode = FALSE
	EndGlobalSection
	GlobalSection(ExtensibilityGlobals) = postSolution
		SolutionGuid = {796461EC-33ED-4B87-A64C-0F73327DF0EF}
	EndGlobalSection
EndGlobal
